// !$*UTF8*$!
{
	archiveVersion = 1;
	classes = {
	};
	objectVersion = 54;
	objects = {

/* Begin PBXBuildFile section */
		335BBD1B22A5A00500147B7C /* GeneratedPluginRegistrant.swift in Sources */ = {isa = PBXBuildFile; fileRef = 335BBD1A22A5A00500147B7C /* GeneratedPluginRegistrant.swift */; };
		33CC10F12044A3C60003C045 /* AppDelegate.swift in Sources */ = {isa = PBXBuildFile; fileRef = 33CC10F02044A3C60003C045 /* AppDelegate.swift */; };
		33CC10F32044A3C60003C045 /* Assets.xcassets in Resources */ = {isa = PBXBuildFile; fileRef = 33CC10F22044A3C60003C045 /* Assets.xcassets */; };
		33CC10F62044A3C60003C045 /* MainMenu.xib in Resources */ = {isa = PBXBuildFile; fileRef = 33CC10F42044A3C60003C045 /* MainMenu.xib */; };
		33CC111A2044C6BA0003C045 /* MainFlutterWindow.swift in Sources */ = {isa = PBXBuildFile; fileRef = 33CC11122044C6BA0003C045 /* MainFlutterWindow.swift */; };
		33E51914231747F40071996F /* main.swift in Sources */ = {isa = PBXBuildFile; fileRef = 33E51913231747F40071996F /* main.swift */; };
/* End PBXBuildFile section */

/* Begin PBXFileReference section */
		333000ED22D3DE5D00554162 /* Warnings.xcconfig */ = {isa = PBXFileReference; lastKnownFileType = text.xcconfig; path = Warnings.xcconfig; sourceTree = "<group>"; };
		335BBD1A22A5A00500147B7C /* GeneratedPluginRegistrant.swift */ = {isa = PBXFileReference; fileEncoding = 4; lastKnownFileType = sourcecode.swift; path = GeneratedPluginRegistrant.swift; sourceTree = "<group>"; };
		33CC10ED2044A3C60003C045 /* SkillVerse.app */ = {isa = PBXFileReference; explicitFileType = wrapper.application; includeInIndex = 0; path = "SkillVerse.app"; sourceTree = BUILT_PRODUCTS_DIR; };
		33CC10F02044A3C60003C045 /* AppDelegate.swift */ = {isa = PBXFileReference; lastKnownFileType = sourcecode.swift; path = AppDelegate.swift; sourceTree = "<group>"; };
		33CC10F22044A3C60003C045 /* Assets.xcassets */ = {isa = PBXFileReference; lastKnownFileType = folder.assetcatalog; name = Assets.xcassets; path = Runner/Assets.xcassets; sourceTree = "<group>"; };
		33CC10F52044A3C60003C045 /* Base */ = {isa = PBXFileReference; lastKnownFileType = file.xib; name = Base; path = Base.lproj/MainMenu.xib; sourceTree = "<group>"; };
		33CC10F72044A3C60003C045 /* Info.plist */ = {isa = PBXFileReference; lastKnownFileType = text.plist.xml; name = Info.plist; path = Runner/Info.plist; sourceTree = "<group>"; };
		33CC11122044C6BA0003C045 /* MainFlutterWindow.swift */ = {isa = PBXFileReference; lastKnownFileType = sourcecode.swift; path = MainFlutterWindow.swift; sourceTree = "<group>"; };
		33CEB47222A05771004F2AC0 /* Flutter-Debug.xcconfig */ = {isa = PBXFileReference; lastKnownFileType = text.xcconfig; path = "Flutter-Debug.xcconfig"; sourceTree = "<group>"; };
		33CEB47422A05771004F2AC0 /* Flutter-Release.xcconfig */ = {isa = PBXFileReference; lastKnownFileType = text.xcconfig; path = "Flutter-Release.xcconfig"; sourceTree = "<group>"; };
		33CEB47722A0578A004F2AC0 /* Flutter-Generated.xcconfig */ = {isa = PBXFileReference; lastKnownFileType = text.xcconfig; name = "Flutter-Generated.xcconfig"; path = "ephemeral/Flutter-Generated.xcconfig"; sourceTree = "<group>"; };
		33E51913231747F40071996F /* main.swift */ = {isa = PBXFileReference; lastKnownFileType = sourcecode.swift; path = main.swift; sourceTree = "<group>"; };
		33E5194F232828870071996A /* AppInfo.xcconfig */ = {isa = PBXFileReference; lastKnownFileType = text.xcconfig; path = AppInfo.xcconfig; sourceTree = "<group>"; };
		7AFA3C8E1D35360C0083081E /* Release.entitlements */ = {isa = PBXFileReference; lastKnownFileType = text.plist.xml; path = Release.entitlements; sourceTree = "<group>"; };
		7AFA3C8E1D35360C0083081F /* DebugProfile.entitlements */ = {isa = PBXFileReference; lastKnownFileType = text.plist.xml; path = DebugProfile.entitlements; sourceTree = "<group>"; };
		7AFA3C8E1D35360C0083082E /* Release.xcconfig */ = {isa = PBXFileReference; lastKnownFileType = text.xcconfig; path = Release.xcconfig; sourceTree = "<group>"; };
		9740EEB21CF90195004384FC /* Debug.xcconfig */ = {isa = PBXFileReference; lastKnownFileType = text.xcconfig; path = Debug.xcconfig; sourceTree = "<group>"; };
/* End PBXFileReference section */

/* Begin PBXFrameworksBuildPhase section */
		33CC10EA2044A3C60003C045 /* Frameworks */ = {
			isa = PBXFrameworksBuildPhase;
			buildActionMask = 2147483647;
			files = (
			);
			runOnlyForDeploymentPostprocessing = 0;
		};
/* End PBXFrameworksBuildPhase section */

/* Begin PBXGroup section */
		33CC10E42044A3C60003C045 = {
			isa = PBXGroup;
			children = (
				33FAB671232836740065AC1E /* Runner */,
				33CEB47122A05771004F2AC0 /* Flutter */,
				33CC10EE2044A3C60003C045 /* Products */,
			);
			sourceTree = "<group>";
		};
		33CC10EE2044A3C60003C045 /* Products */ = {
			isa = PBXGroup;
			children = (
				33CC10ED2044A3C60003C045 /* SkillVerse.app */,
			);
			name = Products;
			sourceTree = "<group>";
		};
		33CC11242044D66E0003C045 /* Resources */ = {
			isa = PBXGroup;
			children = (
				33CC10F22044A3C60003C045 /* Assets.xcassets */,
				33CC10F42044A3C60003C045 /* MainMenu.xib */,
				33CC10F72044A3C60003C045 /* Info.plist */,
			);
			name = Resources;
			path = Runner;
			sourceTree = "<group>";
		};
		33CEB47122A05771004F2AC0 /* Flutter */ = {
			isa = PBXGroup;
			children = (
				33CEB47222A05771004F2AC0 /* Flutter-Debug.xcconfig */,
				33CEB47422A05771004F2AC0 /* Flutter-Release.xcconfig */,
				33CEB47722A0578A004F2AC0 /* Flutter-Generated.xcconfig */,
				335BBD1A22A5A00500147B7C /* GeneratedPluginRegistrant.swift */,
			);
			path = Flutter;
			sourceTree = "<group>";
		};
		33E5194F232828860071996A /* Configs */ = {
			isa = PBXGroup;
			children = (
				33E5194F232828870071996A /* AppInfo.xcconfig */,
				9740EEB21CF90195004384FC /* Debug.xcconfig */,
				7AFA3C8E1D35360C0083082E /* Release.xcconfig */,
				333000ED22D3DE5D00554162 /* Warnings.xcconfig */,
			);
			name = Configs;
			path = Runner/Configs;
			sourceTree = "<group>";
		};
		33FAB671232836740065AC1E /* Runner */ = {
			isa = PBXGroup;
			children = (
				33CC10F02044A3C60003C045 /* AppDelegate.swift */,
				33CC11122044C6BA0003C045 /* MainFlutterWindow.swift */,
				33E51913231747F40071996F /* main.swift */,
				33CC11242044D66E0003C045 /* Resources */,
				33E5194F232828860071996A /* Configs */,
				7AFA3C8E1D35360C0083081E /* Release.entitlements */,
				7AFA3C8E1D35360C0083081F /* DebugProfile.entitlements */,
			);
			path = Runner;
			sourceTree = "<group>";
		};
/* End PBXGroup section */

/* Begin PBXNativeTarget section */
		33CC10EC2044A3C60003C045 /* Runner */ = {
			isa = PBXNativeTarget;
			buildConfigurationList = 33CC10FB2044A3C60003C045 /* Build configuration list for PBXNativeTarget "Runner" */;
			buildPhases = (
				33CC10E92044A3C60003C045 /* Sources */,
				33CC10EA2044A3C60003C045 /* Frameworks */,
				33CC10EB2044A3C60003C045 /* Resources */,
			);
			buildRules = (
			);
			dependencies = (
			);
			name = Runner;
			productName = Runner;
			productReference = 33CC10ED2044A3C60003C045 /* SkillVerse.app */;
			productType = "com.apple.product-type.application";
		};
/* End PBXNativeTarget section */

/* Begin PBXProject section */
		33CC10E52044A3C60003C045 /* Project object */ = {
			isa = PBXProject;
			attributes = {
				LastUpgradeCheck = 1510;
				ORGANIZATIONNAME = "SkillVerse";
				TargetAttributes = {
					33CC10EC2044A3C60003C045 = {
						SystemCapabilities = {
							com.apple.Sandbox = {
								enabled = 1;
							};
						};
					};
				};
			};
			buildConfigurationList = 33CC10E82044A3C60003C045 /* Build configuration list for PBXProject "Runner" */;
			compatibilityVersion = "Xcode 9.3";
			developmentRegion = en;
			hasScannedForEncodings = 0;
			knownRegions = (
				en,
				Base,
			);
			mainGroup = 33CC10E42044A3C60003C045;
			productRefGroup = 33CC10EE2044A3C60003C045 /* Products */;
			projectDirPath = "";
			projectRoot = "";
			targets = (
				33CC10EC2044A3C60003C045 /* Runner */,
			);
		};
/* End PBXProject section */

/* Begin PBXResourcesBuildPhase section */
		33CC10EB2044A3C60003C045 /* Resources */ = {
			isa = PBXResourcesBuildPhase;
			buildActionMask = 2147483647;
			files = (
				33CC10F32044A3C60003C045 /* Assets.xcassets in Resources */,
				33CC10F62044A3C60003C045 /* MainMenu.xib in Resources */,
			);
			runOnlyForDeploymentPostprocessing = 0;
		};
/* End PBXResourcesBuildPhase section */

/* Begin PBXSourcesBuildPhase section */
		33CC10E92044A3C60003C045 /* Sources */ = {
			isa = PBXSourcesBuildPhase;
			buildActionMask = 2147483647;
			files = (
				335BBD1B22A5A00500147B7C /* GeneratedPluginRegistrant.swift in Sources */,
				33CC10F12044A3C60003C045 /* AppDelegate.swift in Sources */,
				33CC111A2044C6BA0003C045 /* MainFlutterWindow.swift in Sources */,
				33E51914231747F40071996F /* main.swift in Sources */,
			);
			runOnlyForDeploymentPostprocessing = 0;
		};
/* End PBXSourcesBuildPhase section */

/* Begin XCBuildConfiguration section */
		338D0CE9231458BD00FA5F75 /* Profile */ = {
			isa = XCBuildConfiguration;
			buildSettings = {
				ALWAYS_SEARCH_USER_PATHS = NO;
				CLANG_ANALYZER_NONNULL = YES;
				CLANG_ENABLE_MODULES = YES;
				CLANG_ENABLE_OBJC_ARC = YES;
				CODE_SIGN_IDENTITY = "-";
				COPY_PHASE_STRIP = NO;
				MACOSX_DEPLOYMENT_TARGET = 10.15;
				MTL_ENABLE_DEBUG_INFO = NO;
				SDKROOT = macosx;
				SWIFT_COMPILATION_MODE = wholemodule;
				SWIFT_OPTIMIZATION_LEVEL = "-O";
			};
			name = Profile;
		};
		338D0CEA231458BD00FA5F75 /* Profile */ = {
			isa = XCBuildConfiguration;
			baseConfigurationReference = 7AFA3C8E1D35360C0083082E /* Release.xcconfig */;
			buildSettings = {
				CODE_SIGN_ENTITLEMENTS = Runner/DebugProfile.entitlements;
				CODE_SIGN_STYLE = Automatic;
				COMBINE_HIDPI_IMAGES = YES;
				INFOPLIST_FILE = Runner/Info.plist;
				LD_RUNPATH_SEARCH_PATHS = (
					"$(inherited)",
					"@executable_path/../Frameworks",
				);
				PRODUCT_BUNDLE_IDENTIFIER = "com.skillverse.app";
				PRODUCT_NAME = "$(TARGET_NAME)";
				SWIFT_VERSION = 5.0;
			};
			name = Profile;
		};
		33CC10F92044A3C60003C045 /* Debug */ = {
			isa = XCBuildConfiguration;
			buildSettings = {
				ALWAYS_SEARCH_USER_PATHS = NO;
				CLANG_ANALYZER_NONNULL = YES;
				CLANG_ENABLE_MODULES = YES;
				CLANG_ENABLE_OBJC_ARC = YES;
				CODE_SIGN_IDENTITY = "-";
				COPY_PHASE_STRIP = NO;
				MACOSX_DEPLOYMENT_TARGET = 10.15;
				MTL_ENABLE_DEBUG_INFO = YES;
				ONLY_ACTIVE_ARCH = YES;
				SDKROOT = macosx;
				SWIFT_OPTIMIZATION_LEVEL = "-Onone";
			};
			name = Debug;
		};
		33CC10FA2044A3C60003C045 /* Release */ = {
			isa = XCBuildConfiguration;
			buildSettings = {
				ALWAYS_SEARCH_USER_PATHS = NO;
				CLANG_ANALYZER_NONNULL = YES;
				CLANG_ENABLE_MODULES = YES;
				CLANG_ENABLE_OBJC_ARC = YES;
				CODE_SIGN_IDENTITY = "-";
				COPY_PHASE_STRIP = NO;
				MACOSX_DEPLOYMENT_TARGET = 10.15;
				MTL_ENABLE_DEBUG_INFO = NO;
				SDKROOT = macosx;
				SWIFT_COMPILATION_MODE = wholemodule;
				SWIFT_OPTIMIZATION_LEVEL = "-O";
			};
			name = Release;
		};
		33CC10FC2044A3C60003C045 /* Debug */ = {
			isa = XCBuildConfiguration;
			baseConfigurationReference = 9740EEB21CF90195004384FC /* Debug.xcconfig */;
			buildSettings = {
				CODE_SIGN_ENTITLEMENTS = Runner/DebugProfile.entitlements;
				CODE_SIGN_STYLE = Automatic;
				COMBINE_HIDPI_IMAGES = YES;
				INFOPLIST_FILE = Runner/Info.plist;
				LD_RUNPATH_SEARCH_PATHS = (
					"$(inherited)",
					"@executable_path/../Frameworks",
				);
				PRODUCT_BUNDLE_IDENTIFIER = "com.skillverse.app";
				PRODUCT_NAME = "$(TARGET_NAME)";
				SWIFT_VERSION = 5.0;
			};
			name = Debug;
		};
		33CC10FD2044A3C60003C045 /* Release */ = {
			isa = XCBuildConfiguration;
			baseConfigurationReference = 7AFA3C8E1D35360C0083082E /* Release.xcconfig */;
			buildSettings = {
				CODE_SIGN_ENTITLEMENTS = Runner/Release.entitlements;
				CODE_SIGN_STYLE = Automatic;
				COMBINE_HIDPI_IMAGES = YES;
				INFOPLIST_FILE = Runner/Info.plist;
				LD_RUNPATH_SEARCH_PATHS = (
					"$(inherited)",
					"@executable_path/../Frameworks",
				);
				PRODUCT_BUNDLE_IDENTIFIER = "com.skillverse.app";
				PRODUCT_NAME = "$(TARGET_NAME)";
				SWIFT_VERSION = 5.0;
			};
			name = Release;
		};
/* End XCBuildConfiguration section */

/* Begin XCConfigurationList section */
		33CC10E82044A3C60003C045 /* Build configuration list for PBXProject "Runner" */ = {
			isa = XCConfigurationList;
			buildConfigurations = (
				33CC10F92044A3C60003C045 /* Debug */,
				33CC10FA2044A3C60003C045 /* Release */,
				338D0CE9231458BD00FA5F75 /* Profile */,
			);
			defaultConfigurationIsVisible = 0;
			defaultConfigurationName = Release;
		};
		33CC10FB2044A3C60003C045 /* Build configuration list for PBXNativeTarget "Runner" */ = {
			isa = XCConfigurationList;
			buildConfigurations = (
				33CC10FC2044A3C60003C045 /* Debug */,
				33CC10FD2044A3C60003C045 /* Release */,
				338D0CEA231458BD00FA5F75 /* Profile */,
			);
			defaultConfigurationIsVisible = 0;
			defaultConfigurationName = Release;
		};
/* End XCConfigurationList section */
	};
	rootObject = 33CC10E52044A3C60003C045 /* Project object */;
}
